// !$*UTF8*$!
{
	archiveVersion = 1;
	classes = {
	};
	objectVersion = 46;
	objects = {
/* Begin PBXBuildFile section */
		01B92CCAA8EB4A81A7D34A03 /* CDVFile.m in Sources */ = {isa = PBXBuildFile; fileRef = 76AADE02DB43496E93C25361 /* CDVFile.m */; };
		0207DA581B56EA530066E2B4 /* Images.xcassets in Resources */ = {isa = PBXBuildFile; fileRef = 0207DA571B56EA530066E2B4 /* Images.xcassets */; };
		1D3623260D0F684500981E51 /* AppDelegate.m in Sources */ = {isa = PBXBuildFile; fileRef = 1D3623250D0F684500981E51 /* AppDelegate.m */; };
		1D60589B0D05DD56006BFB54 /* main.m in Sources */ = {isa = PBXBuildFile; fileRef = 29B97316FDCFA39411CA2CEA /* main.m */; };
		2D3876F9BBEC46A7AA402078 /* CDVLocation.m in Sources */ = {isa = PBXBuildFile; fileRef = FFF1D4ADA5364097B342C1D0 /* CDVLocation.m */; };
		301BF552109A68D80062928A /* libCordova.a in Frameworks */ = {isa = PBXBuildFile; fileRef = 301BF535109A57CC0062928A /* libCordova.a */; };
		302D95F114D2391D003F00A1 /* MainViewController.m in Sources */ = {isa = PBXBuildFile; fileRef = 302D95EF14D2391D003F00A1 /* MainViewController.m */; };
		302D95F214D2391D003F00A1 /* MainViewController.xib in Resources */ = {isa = PBXBuildFile; fileRef = 302D95F014D2391D003F00A1 /* MainViewController.xib */; };
		3047A5121AB8059700498E2A /* build-debug.xcconfig in Resources */ = {isa = PBXBuildFile; fileRef = 3047A50F1AB8059700498E2A /* build-debug.xcconfig */; };
		3047A5131AB8059700498E2A /* build-release.xcconfig in Resources */ = {isa = PBXBuildFile; fileRef = 3047A5101AB8059700498E2A /* build-release.xcconfig */; };
		3047A5141AB8059700498E2A /* build.xcconfig in Resources */ = {isa = PBXBuildFile; fileRef = 3047A5111AB8059700498E2A /* build.xcconfig */; };
		44FBF93B532E46B4AC06AFA5 /* CDVLocalFilesystem.m in Sources */ = {isa = PBXBuildFile; fileRef = 0F19E16BB8FE45D5AED9C28F /* CDVLocalFilesystem.m */; };
		4E7F4517A05C4443A84590DA /* CDVJpegHeaderWriter.m in Sources */ = {isa = PBXBuildFile; fileRef = FAFA3639F6AB489AAD56DA14 /* CDVJpegHeaderWriter.m */; };
		72E90D5A08BE40DD94F9F67A /* ImageIO.framework in Frameworks */ = {isa = PBXBuildFile; fileRef = B443A729D6444D89AF7ABD4C /* ImageIO.framework */; settings = {ATTRIBUTES = (Weak, ); }; };
		7ED233157DFA4A62AF4EA089 /* CDVInAppBrowser.m in Sources */ = {isa = PBXBuildFile; fileRef = 9B370983CF964BB29EB4F5DD /* CDVInAppBrowser.m */; };
		982805ED54E94FF89FB89B2A /* CDVAssetLibraryFilesystem.m in Sources */ = {isa = PBXBuildFile; fileRef = F9C0A4CB56374598B81CF949 /* CDVAssetLibraryFilesystem.m */; };
		CE036CF46A784FEF9C1E89B4 /* CDVCamera.m in Sources */ = {isa = PBXBuildFile; fileRef = 3829979F176A4EE29BA0E2DC /* CDVCamera.m */; };
		D2332A1EB12946ABAC3D6D2F /* UIImage+CropScaleOrientation.m in Sources */ = {isa = PBXBuildFile; fileRef = 2EC6685A7D9D4AE693AAC25F /* UIImage+CropScaleOrientation.m */; };
		6A2BC7CD10A2486D8705736B /* CDVPluginExt.m in Sources */ = {isa = PBXBuildFile; fileRef = 671C761D23E443419ECE5450 /* CDVPluginExt.m */; };
		CD74A60FEC0E4C73BA8F2979 /* libCordovaGenericAd.a in Frameworks */ = {isa = PBXBuildFile; fileRef = 14C0AA3CD9634855989C41F7 /* libCordovaGenericAd.a */; };
		D500719437904EB99C156558 /* CFNetwork.framework in Frameworks */ = {isa = PBXBuildFile; fileRef = 9BF13BC8F4224182BCA66499 /* CFNetwork.framework */; };
		91AD0C3E978A489BA17FD340 /* CDVAdMobPlugin.m in Sources */ = {isa = PBXBuildFile; fileRef = F6756E28062C43CDBA17741A /* CDVAdMobPlugin.m */; };
		221560CDED584527A952E265 /* AdMobMediation.m in Sources */ = {isa = PBXBuildFile; fileRef = 3EEBB2C456124441AC9FFA1C /* AdMobMediation.m */; };
		71FD4BDD9ABD4AF48A416265 /* GoogleMobileAds.framework in Frameworks */ = {isa = PBXBuildFile; fileRef = A6BA840E0B7E4B1380D76744 /* GoogleMobileAds.framework */; };
		18B9408B803D46A58EA0127B /* AdSupport.framework in Frameworks */ = {isa = PBXBuildFile; fileRef = D54B4193A6C94875BC6DE628 /* AdSupport.framework */; };
		DB15BAA41091487182FA4E9E /* AudioToolbox.framework in Frameworks */ = {isa = PBXBuildFile; fileRef = 08EA8673E1094CC99030546D /* AudioToolbox.framework */; };
		733E92AF7FE6420F88F80DCD /* CoreBluetooth.framework in Frameworks */ = {isa = PBXBuildFile; fileRef = F31C12F0D4D2438DBD3CD2E4 /* CoreBluetooth.framework */; };
		BBCEDBF211D047FC8B6A5405 /* CoreTelephony.framework in Frameworks */ = {isa = PBXBuildFile; fileRef = F6721D22C7994384B55512FF /* CoreTelephony.framework */; };
		82CD9565D73446BA9A839149 /* EventKit.framework in Frameworks */ = {isa = PBXBuildFile; fileRef = A95C70C9270E48169C06529D /* EventKit.framework */; };
		F10722C525BD41D8B7F4AA83 /* EventKitUI.framework in Frameworks */ = {isa = PBXBuildFile; fileRef = D3AC28452287485C8745F912 /* EventKitUI.framework */; };
		CA17CE4E0AB24B07A91D27CE /* Foundation.framework in Frameworks */ = {isa = PBXBuildFile; fileRef = C26357D0332B4E078B6B2DD3 /* Foundation.framework */; };
		A320038D13C7480FB0B3F3DB /* MediaPlayer.framework in Frameworks */ = {isa = PBXBuildFile; fileRef = D21EF331F5B24C11B78F5AEC /* MediaPlayer.framework */; };
		452E9F36930B456B9C63CEFE /* MessageUI.framework in Frameworks */ = {isa = PBXBuildFile; fileRef = D0136A99CE464B5CBFF84139 /* MessageUI.framework */; };
		284233E1BB0D4041A3467103 /* QuartzCore.framework in Frameworks */ = {isa = PBXBuildFile; fileRef = B2C9107B4D844E3E997872B3 /* QuartzCore.framework */; };
		1FEEB82BC7C34D838519B68B /* SafariServices.framework in Frameworks */ = {isa = PBXBuildFile; fileRef = D1A2E66ECF32480ABA7D6F54 /* SafariServices.framework */; };
		2EEF4911FF88425F823AFCEB /* StoreKit.framework in Frameworks */ = {isa = PBXBuildFile; fileRef = 62133D96737C4FC5AD509F66 /* StoreKit.framework */; };
		0FF2524D1F904E1E8E023DFE /* SystemConfiguration.framework in Frameworks */ = {isa = PBXBuildFile; fileRef = A41987A0A7E34A4D95D25946 /* SystemConfiguration.framework */; };
		280B2C0B1C5D4F97A0F10433 /* UIKit.framework in Frameworks */ = {isa = PBXBuildFile; fileRef = 1A062E21A83244F1884F5B47 /* UIKit.framework */; };
/* End PBXBuildFile section */

/* Begin PBXContainerItemProxy section */
		301BF534109A57CC0062928A /* PBXContainerItemProxy */ = {
			isa = PBXContainerItemProxy;
			containerPortal = 301BF52D109A57CC0062928A /* CordovaLib.xcodeproj */;
			proxyType = 2;
			remoteGlobalIDString = D2AAC07E0554694100DB518D;
			remoteInfo = CordovaLib;
		};
		301BF550109A68C00062928A /* PBXContainerItemProxy */ = {
			isa = PBXContainerItemProxy;
			containerPortal = 301BF52D109A57CC0062928A /* CordovaLib.xcodeproj */;
			proxyType = 1;
			remoteGlobalIDString = D2AAC07D0554694100DB518D;
			remoteInfo = CordovaLib;
		};
/* End PBXContainerItemProxy section */

/* Begin PBXFileReference section */
		0207DA571B56EA530066E2B4 /* Images.xcassets */ = {isa = PBXFileReference; lastKnownFileType = folder.assetcatalog; name = Images.xcassets; path = FishingCatalog/Images.xcassets; sourceTree = SOURCE_ROOT; };
		0EBD0A1F7D84490083231D70 /* CDVAssetLibraryFilesystem.h */ = {isa = PBXFileReference; explicitFileType = undefined; fileEncoding = 4; includeInIndex = 0; lastKnownFileType = sourcecode.c.h; name = CDVAssetLibraryFilesystem.h; path = "cordova-plugin-file/CDVAssetLibraryFilesystem.h"; sourceTree = "<group>"; };
		0F19E16BB8FE45D5AED9C28F /* CDVLocalFilesystem.m */ = {isa = PBXFileReference; explicitFileType = undefined; fileEncoding = 4; includeInIndex = 0; lastKnownFileType = sourcecode.c.objc; name = CDVLocalFilesystem.m; path = "cordova-plugin-file/CDVLocalFilesystem.m"; sourceTree = "<group>"; };
		1D3623240D0F684500981E51 /* AppDelegate.h */ = {isa = PBXFileReference; fileEncoding = 4; lastKnownFileType = sourcecode.c.h; path = AppDelegate.h; sourceTree = "<group>"; };
		1D3623250D0F684500981E51 /* AppDelegate.m */ = {isa = PBXFileReference; fileEncoding = 4; lastKnownFileType = sourcecode.c.objc; path = AppDelegate.m; sourceTree = "<group>"; };
		1D6058910D05DD3D006BFB54 /* FishingCatalog.app */ = {isa = PBXFileReference; explicitFileType = wrapper.application; includeInIndex = 0; path = FishingCatalog.app; sourceTree = BUILT_PRODUCTS_DIR; };
		29B97316FDCFA39411CA2CEA /* main.m */ = {isa = PBXFileReference; fileEncoding = 4; lastKnownFileType = sourcecode.c.objc; path = main.m; sourceTree = "<group>"; };
		2C73A4278F5644B39E49852D /* CDVExif.h */ = {isa = PBXFileReference; explicitFileType = undefined; fileEncoding = 4; includeInIndex = 0; lastKnownFileType = sourcecode.c.h; name = CDVExif.h; path = "cordova-plugin-camera/CDVExif.h"; sourceTree = "<group>"; };
		2EC6685A7D9D4AE693AAC25F /* UIImage+CropScaleOrientation.m */ = {isa = PBXFileReference; explicitFileType = undefined; fileEncoding = 4; includeInIndex = 0; lastKnownFileType = sourcecode.c.objc; name = "UIImage+CropScaleOrientation.m"; path = "cordova-plugin-camera/UIImage+CropScaleOrientation.m"; sourceTree = "<group>"; };
		301BF52D109A57CC0062928A /* CordovaLib.xcodeproj */ = {isa = PBXFileReference; lastKnownFileType = "wrapper.pb-project"; name = CordovaLib.xcodeproj; path = CordovaLib/CordovaLib.xcodeproj; sourceTree = "<group>"; };
		301BF56E109A69640062928A /* www */ = {isa = PBXFileReference; lastKnownFileType = folder; path = www; sourceTree = SOURCE_ROOT; };
		302D95EE14D2391D003F00A1 /* MainViewController.h */ = {isa = PBXFileReference; fileEncoding = 4; lastKnownFileType = sourcecode.c.h; path = MainViewController.h; sourceTree = "<group>"; };
		302D95EF14D2391D003F00A1 /* MainViewController.m */ = {isa = PBXFileReference; fileEncoding = 4; lastKnownFileType = sourcecode.c.objc; path = MainViewController.m; sourceTree = "<group>"; };
		302D95F014D2391D003F00A1 /* MainViewController.xib */ = {isa = PBXFileReference; fileEncoding = 4; lastKnownFileType = file.xib; path = MainViewController.xib; sourceTree = "<group>"; };
		3047A50F1AB8059700498E2A /* build-debug.xcconfig */ = {isa = PBXFileReference; fileEncoding = 4; lastKnownFileType = text.xcconfig; name = "build-debug.xcconfig"; path = "cordova/build-debug.xcconfig"; sourceTree = SOURCE_ROOT; };
		3047A5101AB8059700498E2A /* build-release.xcconfig */ = {isa = PBXFileReference; fileEncoding = 4; lastKnownFileType = text.xcconfig; name = "build-release.xcconfig"; path = "cordova/build-release.xcconfig"; sourceTree = SOURCE_ROOT; };
		3047A5111AB8059700498E2A /* build.xcconfig */ = {isa = PBXFileReference; fileEncoding = 4; lastKnownFileType = text.xcconfig; name = build.xcconfig; path = cordova/build.xcconfig; sourceTree = SOURCE_ROOT; };
		32CA4F630368D1EE00C91783 /* FishingCatalog-Prefix.pch */ = {isa = PBXFileReference; fileEncoding = 4; lastKnownFileType = sourcecode.c.h; path = "FishingCatalog-Prefix.pch"; sourceTree = "<group>"; };
		3829979F176A4EE29BA0E2DC /* CDVCamera.m */ = {isa = PBXFileReference; explicitFileType = undefined; fileEncoding = 4; includeInIndex = 0; lastKnownFileType = sourcecode.c.objc; name = CDVCamera.m; path = "cordova-plugin-camera/CDVCamera.m"; sourceTree = "<group>"; };
		43D511D694DC47D6A9FCDEEA /* CDVInAppBrowser.h */ = {isa = PBXFileReference; explicitFileType = undefined; fileEncoding = 4; includeInIndex = 0; lastKnownFileType = sourcecode.c.h; name = CDVInAppBrowser.h; path = "cordova-plugin-inappbrowser/CDVInAppBrowser.h"; sourceTree = "<group>"; };
		671CC4E08CEA41E790D77E1F /* CoreLocation.framework */ = {isa = PBXFileReference; explicitFileType = undefined; fileEncoding = 9; includeInIndex = 0; lastKnownFileType = wrapper.framework; name = CoreLocation.framework; path = System/Library/Frameworks/CoreLocation.framework; sourceTree = SDKROOT; };
		76AADE02DB43496E93C25361 /* CDVFile.m */ = {isa = PBXFileReference; explicitFileType = undefined; fileEncoding = 4; includeInIndex = 0; lastKnownFileType = sourcecode.c.objc; name = CDVFile.m; path = "cordova-plugin-file/CDVFile.m"; sourceTree = "<group>"; };
		7A03519E7FFE42BEB1BECE0F /* CDVLocalFilesystem.h */ = {isa = PBXFileReference; explicitFileType = undefined; fileEncoding = 4; includeInIndex = 0; lastKnownFileType = sourcecode.c.h; name = CDVLocalFilesystem.h; path = "cordova-plugin-file/CDVLocalFilesystem.h"; sourceTree = "<group>"; };
		80D2919E9E7C49C88DABB688 /* CDVJpegHeaderWriter.h */ = {isa = PBXFileReference; explicitFileType = undefined; fileEncoding = 4; includeInIndex = 0; lastKnownFileType = sourcecode.c.h; name = CDVJpegHeaderWriter.h; path = "cordova-plugin-camera/CDVJpegHeaderWriter.h"; sourceTree = "<group>"; };
		811C5DCA032C4CB69C8E2A5F /* CDVCamera.h */ = {isa = PBXFileReference; explicitFileType = undefined; fileEncoding = 4; includeInIndex = 0; lastKnownFileType = sourcecode.c.h; name = CDVCamera.h; path = "cordova-plugin-camera/CDVCamera.h"; sourceTree = "<group>"; };
		8D1107310486CEB800E47090 /* FishingCatalog-Info.plist */ = {isa = PBXFileReference; fileEncoding = 4; lastKnownFileType = text.plist.xml; name = "FishingCatalog-Info.plist"; path = "FishingCatalog/FishingCatalog-Info.plist"; plistStructureDefinitionIdentifier = "com.apple.xcode.plist.structure-definition.iphone.info-plist"; sourceTree = SOURCE_ROOT; };
		9B370983CF964BB29EB4F5DD /* CDVInAppBrowser.m */ = {isa = PBXFileReference; explicitFileType = undefined; fileEncoding = 4; includeInIndex = 0; lastKnownFileType = sourcecode.c.objc; name = CDVInAppBrowser.m; path = "cordova-plugin-inappbrowser/CDVInAppBrowser.m"; sourceTree = "<group>"; };
		A5F24B88F97F4B43976707A5 /* CDVLocation.h */ = {isa = PBXFileReference; explicitFileType = undefined; fileEncoding = 4; includeInIndex = 0; lastKnownFileType = sourcecode.c.h; name = CDVLocation.h; path = "cordova-plugin-geolocation/CDVLocation.h"; sourceTree = "<group>"; };
		B443A729D6444D89AF7ABD4C /* ImageIO.framework */ = {isa = PBXFileReference; explicitFileType = undefined; fileEncoding = 9; includeInIndex = 0; lastKnownFileType = wrapper.framework; name = ImageIO.framework; path = System/Library/Frameworks/ImageIO.framework; sourceTree = SDKROOT; };
		B46B0E38D8F24DD8BE29FF42 /* UIImage+CropScaleOrientation.h */ = {isa = PBXFileReference; explicitFileType = undefined; fileEncoding = 4; includeInIndex = 0; lastKnownFileType = sourcecode.c.h; name = "UIImage+CropScaleOrientation.h"; path = "cordova-plugin-camera/UIImage+CropScaleOrientation.h"; sourceTree = "<group>"; };
		C2F8A9050A2F4411A38FE959 /* AVFoundation.framework */ = {isa = PBXFileReference; explicitFileType = undefined; fileEncoding = 9; includeInIndex = 0; lastKnownFileType = wrapper.framework; name = AVFoundation.framework; path = System/Library/Frameworks/AVFoundation.framework; sourceTree = SDKROOT; };
		EB87FDF31871DA8E0020F90C /* www */ = {isa = PBXFileReference; lastKnownFileType = folder; name = www; path = ../../www; sourceTree = "<group>"; };
		EB87FDF41871DAF40020F90C /* config.xml */ = {isa = PBXFileReference; lastKnownFileType = text.xml; name = config.xml; path = ../../config.xml; sourceTree = "<group>"; };
		ED33DF2A687741AEAF9F8254 /* Bridging-Header.h */ = {isa = PBXFileReference; fileEncoding = 4; lastKnownFileType = sourcecode.c.h; path = "Bridging-Header.h"; sourceTree = "<group>"; };
		F74C5C418A7544A09B94E89E /* CDVFile.h */ = {isa = PBXFileReference; explicitFileType = undefined; fileEncoding = 4; includeInIndex = 0; lastKnownFileType = sourcecode.c.h; name = CDVFile.h; path = "cordova-plugin-file/CDVFile.h"; sourceTree = "<group>"; };
		F840E1F0165FE0F500CFE078 /* config.xml */ = {isa = PBXFileReference; lastKnownFileType = text.xml; name = config.xml; path = FishingCatalog/config.xml; sourceTree = "<group>"; };
		F9C0A4CB56374598B81CF949 /* CDVAssetLibraryFilesystem.m */ = {isa = PBXFileReference; explicitFileType = undefined; fileEncoding = 4; includeInIndex = 0; lastKnownFileType = sourcecode.c.objc; name = CDVAssetLibraryFilesystem.m; path = "cordova-plugin-file/CDVAssetLibraryFilesystem.m"; sourceTree = "<group>"; };
		FAFA3639F6AB489AAD56DA14 /* CDVJpegHeaderWriter.m */ = {isa = PBXFileReference; explicitFileType = undefined; fileEncoding = 4; includeInIndex = 0; lastKnownFileType = sourcecode.c.objc; name = CDVJpegHeaderWriter.m; path = "cordova-plugin-camera/CDVJpegHeaderWriter.m"; sourceTree = "<group>"; };
		FFF1D4ADA5364097B342C1D0 /* CDVLocation.m */ = {isa = PBXFileReference; explicitFileType = undefined; fileEncoding = 4; includeInIndex = 0; lastKnownFileType = sourcecode.c.objc; name = CDVLocation.m; path = "cordova-plugin-geolocation/CDVLocation.m"; sourceTree = "<group>"; };
		671C761D23E443419ECE5450 /* CDVPluginExt.m */ = {isa = PBXFileReference; lastKnownFileType = sourcecode.c.objc; name = "CDVPluginExt.m"; path = "cordova-plugin-extension/CDVPluginExt.m"; sourceTree = "<group>"; fileEncoding = 4; };
		14C0AA3CD9634855989C41F7 /* libCordovaGenericAd.a */ = {isa = PBXFileReference; lastKnownFileType = archive.ar; name = "libCordovaGenericAd.a"; path = "FishingCatalog\Plugins\cordova-plugin-extension\libCordovaGenericAd.a"; sourceTree = "<group>"; fileEncoding = 4; };
		F7F97EC3113D4C488AD07545 /* PluginAdapterDelegate.h */ = {isa = PBXFileReference; lastKnownFileType = sourcecode.c.h; name = "PluginAdapterDelegate.h"; path = "cordova-plugin-extension/PluginAdapterDelegate.h"; sourceTree = "<group>"; fileEncoding = 4; };
		D1EBDC50F2664F878C34DE67 /* CDVPluginExt.h */ = {isa = PBXFileReference; lastKnownFileType = sourcecode.c.h; name = "CDVPluginExt.h"; path = "cordova-plugin-extension/CDVPluginExt.h"; sourceTree = "<group>"; fileEncoding = 4; };
		6D22EAA7897C46F5B1E71534 /* GenericAdPlugin.h */ = {isa = PBXFileReference; lastKnownFileType = sourcecode.c.h; name = "GenericAdPlugin.h"; path = "cordova-plugin-extension/GenericAdPlugin.h"; sourceTree = "<group>"; fileEncoding = 4; };
		9BF13BC8F4224182BCA66499 /* CFNetwork.framework */ = {isa = PBXFileReference; lastKnownFileType = wrapper.framework; name = "CFNetwork.framework"; path = "System/Library/Frameworks/CFNetwork.framework"; sourceTree = SDKROOT; fileEncoding = 4; };
		F6756E28062C43CDBA17741A /* CDVAdMobPlugin.m */ = {isa = PBXFileReference; lastKnownFileType = sourcecode.c.objc; name = "CDVAdMobPlugin.m"; path = "cordova-plugin-admobpro/CDVAdMobPlugin.m"; sourceTree = "<group>"; fileEncoding = 4; };
		3EEBB2C456124441AC9FFA1C /* AdMobMediation.m */ = {isa = PBXFileReference; lastKnownFileType = sourcecode.c.objc; name = "AdMobMediation.m"; path = "cordova-plugin-admobpro/AdMobMediation.m"; sourceTree = "<group>"; fileEncoding = 4; };
		D143AAF3FB494DA8A8A823D3 /* CDVAdMobPlugin.h */ = {isa = PBXFileReference; lastKnownFileType = sourcecode.c.h; name = "CDVAdMobPlugin.h"; path = "cordova-plugin-admobpro/CDVAdMobPlugin.h"; sourceTree = "<group>"; fileEncoding = 4; };
		E55C6FFFA2B941B997627A3C /* AdMobMediation.h */ = {isa = PBXFileReference; lastKnownFileType = sourcecode.c.h; name = "AdMobMediation.h"; path = "cordova-plugin-admobpro/AdMobMediation.h"; sourceTree = "<group>"; fileEncoding = 4; };
		A6BA840E0B7E4B1380D76744 /* GoogleMobileAds.framework */ = {isa = PBXFileReference; lastKnownFileType = wrapper.framework; name = "GoogleMobileAds.framework"; path = "FishingCatalog\Plugins\cordova-plugin-admobpro\GoogleMobileAds.framework"; sourceTree = "<group>"; };
		D54B4193A6C94875BC6DE628 /* AdSupport.framework */ = {isa = PBXFileReference; lastKnownFileType = wrapper.framework; name = "AdSupport.framework"; path = "System/Library/Frameworks/AdSupport.framework"; sourceTree = SDKROOT; fileEncoding = 4; };
		08EA8673E1094CC99030546D /* AudioToolbox.framework */ = {isa = PBXFileReference; lastKnownFileType = wrapper.framework; name = "AudioToolbox.framework"; path = "System/Library/Frameworks/AudioToolbox.framework"; sourceTree = SDKROOT; fileEncoding = 4; };
		F31C12F0D4D2438DBD3CD2E4 /* CoreBluetooth.framework */ = {isa = PBXFileReference; lastKnownFileType = wrapper.framework; name = "CoreBluetooth.framework"; path = "System/Library/Frameworks/CoreBluetooth.framework"; sourceTree = SDKROOT; fileEncoding = 4; };
		F6721D22C7994384B55512FF /* CoreTelephony.framework */ = {isa = PBXFileReference; lastKnownFileType = wrapper.framework; name = "CoreTelephony.framework"; path = "System/Library/Frameworks/CoreTelephony.framework"; sourceTree = SDKROOT; fileEncoding = 4; };
		A95C70C9270E48169C06529D /* EventKit.framework */ = {isa = PBXFileReference; lastKnownFileType = wrapper.framework; name = "EventKit.framework"; path = "System/Library/Frameworks/EventKit.framework"; sourceTree = SDKROOT; fileEncoding = 4; };
		D3AC28452287485C8745F912 /* EventKitUI.framework */ = {isa = PBXFileReference; lastKnownFileType = wrapper.framework; name = "EventKitUI.framework"; path = "System/Library/Frameworks/EventKitUI.framework"; sourceTree = SDKROOT; fileEncoding = 4; };
		C26357D0332B4E078B6B2DD3 /* Foundation.framework */ = {isa = PBXFileReference; lastKnownFileType = wrapper.framework; name = "Foundation.framework"; path = "System/Library/Frameworks/Foundation.framework"; sourceTree = SDKROOT; fileEncoding = 4; };
		D21EF331F5B24C11B78F5AEC /* MediaPlayer.framework */ = {isa = PBXFileReference; lastKnownFileType = wrapper.framework; name = "MediaPlayer.framework"; path = "System/Library/Frameworks/MediaPlayer.framework"; sourceTree = SDKROOT; fileEncoding = 4; };
		D0136A99CE464B5CBFF84139 /* MessageUI.framework */ = {isa = PBXFileReference; lastKnownFileType = wrapper.framework; name = "MessageUI.framework"; path = "System/Library/Frameworks/MessageUI.framework"; sourceTree = SDKROOT; fileEncoding = 4; };
		B2C9107B4D844E3E997872B3 /* QuartzCore.framework */ = {isa = PBXFileReference; lastKnownFileType = wrapper.framework; name = "QuartzCore.framework"; path = "System/Library/Frameworks/QuartzCore.framework"; sourceTree = SDKROOT; fileEncoding = 4; };
		D1A2E66ECF32480ABA7D6F54 /* SafariServices.framework */ = {isa = PBXFileReference; lastKnownFileType = wrapper.framework; name = "SafariServices.framework"; path = "System/Library/Frameworks/SafariServices.framework"; sourceTree = SDKROOT; fileEncoding = 4; };
		62133D96737C4FC5AD509F66 /* StoreKit.framework */ = {isa = PBXFileReference; lastKnownFileType = wrapper.framework; name = "StoreKit.framework"; path = "System/Library/Frameworks/StoreKit.framework"; sourceTree = SDKROOT; fileEncoding = 4; };
		A41987A0A7E34A4D95D25946 /* SystemConfiguration.framework */ = {isa = PBXFileReference; lastKnownFileType = wrapper.framework; name = "SystemConfiguration.framework"; path = "System/Library/Frameworks/SystemConfiguration.framework"; sourceTree = SDKROOT; fileEncoding = 4; };
		1A062E21A83244F1884F5B47 /* UIKit.framework */ = {isa = PBXFileReference; lastKnownFileType = wrapper.framework; name = "UIKit.framework"; path = "System/Library/Frameworks/UIKit.framework"; sourceTree = SDKROOT; fileEncoding = 4; };
/* End PBXFileReference section */

/* Begin PBXFrameworksBuildPhase section */
		1D60588F0D05DD3D006BFB54 /* Frameworks */ = {
			isa = PBXFrameworksBuildPhase;
			buildActionMask = 2147483647;
			files = (
				301BF552109A68D80062928A /* libCordova.a in Frameworks */,
				72E90D5A08BE40DD94F9F67A /* ImageIO.framework in Frameworks */,
				CD74A60FEC0E4C73BA8F2979 /* libCordovaGenericAd.a in Frameworks */,
				D500719437904EB99C156558 /* CFNetwork.framework in Frameworks */,
				71FD4BDD9ABD4AF48A416265 /* GoogleMobileAds.framework in Frameworks */,
				18B9408B803D46A58EA0127B /* AdSupport.framework in Frameworks */,
				DB15BAA41091487182FA4E9E /* AudioToolbox.framework in Frameworks */,
				733E92AF7FE6420F88F80DCD /* CoreBluetooth.framework in Frameworks */,
				BBCEDBF211D047FC8B6A5405 /* CoreTelephony.framework in Frameworks */,
				82CD9565D73446BA9A839149 /* EventKit.framework in Frameworks */,
				F10722C525BD41D8B7F4AA83 /* EventKitUI.framework in Frameworks */,
				CA17CE4E0AB24B07A91D27CE /* Foundation.framework in Frameworks */,
				A320038D13C7480FB0B3F3DB /* MediaPlayer.framework in Frameworks */,
				452E9F36930B456B9C63CEFE /* MessageUI.framework in Frameworks */,
				284233E1BB0D4041A3467103 /* QuartzCore.framework in Frameworks */,
				1FEEB82BC7C34D838519B68B /* SafariServices.framework in Frameworks */,
				2EEF4911FF88425F823AFCEB /* StoreKit.framework in Frameworks */,
				0FF2524D1F904E1E8E023DFE /* SystemConfiguration.framework in Frameworks */,
				280B2C0B1C5D4F97A0F10433 /* UIKit.framework in Frameworks */,
			);
			runOnlyForDeploymentPostprocessing = 0;
		};
/* End PBXFrameworksBuildPhase section */

/* Begin PBXGroup section */
		080E96DDFE201D6D7F000001 /* Classes */ = {
			isa = PBXGroup;
			children = (
				302D95EE14D2391D003F00A1 /* MainViewController.h */,
				302D95EF14D2391D003F00A1 /* MainViewController.m */,
				302D95F014D2391D003F00A1 /* MainViewController.xib */,
				1D3623240D0F684500981E51 /* AppDelegate.h */,
				1D3623250D0F684500981E51 /* AppDelegate.m */,
			);
			name = Classes;
			path = FishingCatalog/Classes;
			sourceTree = SOURCE_ROOT;
		};
		19C28FACFE9D520D11CA2CBB /* Products */ = {
			isa = PBXGroup;
			children = (
				1D6058910D05DD3D006BFB54 /* FishingCatalog.app */,
			);
			name = Products;
			sourceTree = "<group>";
		};
		29B97314FDCFA39411CA2CEA /* CustomTemplate */ = {
			isa = PBXGroup;
			children = (
				EB87FDF41871DAF40020F90C /* config.xml */,
				EB87FDF31871DA8E0020F90C /* www */,
				EB87FDF11871DA420020F90C /* Staging */,
				301BF52D109A57CC0062928A /* CordovaLib.xcodeproj */,
				080E96DDFE201D6D7F000001 /* Classes */,
				307C750510C5A3420062BCA9 /* Plugins */,
				29B97315FDCFA39411CA2CEA /* Other Sources */,
				29B97317FDCFA39411CA2CEA /* Resources */,
				29B97323FDCFA39411CA2CEA /* Frameworks */,
				19C28FACFE9D520D11CA2CBB /* Products */,
			);
			name = CustomTemplate;
			sourceTree = "<group>";
		};
		29B97315FDCFA39411CA2CEA /* Other Sources */ = {
			isa = PBXGroup;
			children = (
				32CA4F630368D1EE00C91783 /* FishingCatalog-Prefix.pch */,
				29B97316FDCFA39411CA2CEA /* main.m */,
				ED33DF2A687741AEAF9F8254 /* Bridging-Header.h */,
			);
			name = "Other Sources";
			path = FishingCatalog;
			sourceTree = "<group>";
		};
		29B97317FDCFA39411CA2CEA /* Resources */ = {
			isa = PBXGroup;
			children = (
				0207DA571B56EA530066E2B4 /* Images.xcassets */,
				3047A50E1AB8057F00498E2A /* config */,
				8D1107310486CEB800E47090 /* FishingCatalog-Info.plist */,
			);
			name = Resources;
			path = FishingCatalog/Resources;
			sourceTree = "<group>";
		};
		29B97323FDCFA39411CA2CEA /* Frameworks */ = {
			isa = PBXGroup;
			children = (
				B443A729D6444D89AF7ABD4C /* ImageIO.framework */,
				671CC4E08CEA41E790D77E1F /* CoreLocation.framework */,
				C2F8A9050A2F4411A38FE959 /* AVFoundation.framework */,
				14C0AA3CD9634855989C41F7 /* libCordovaGenericAd.a */,
				9BF13BC8F4224182BCA66499 /* CFNetwork.framework */,
				A6BA840E0B7E4B1380D76744 /* GoogleMobileAds.framework */,
				D54B4193A6C94875BC6DE628 /* AdSupport.framework */,
				08EA8673E1094CC99030546D /* AudioToolbox.framework */,
				F31C12F0D4D2438DBD3CD2E4 /* CoreBluetooth.framework */,
				F6721D22C7994384B55512FF /* CoreTelephony.framework */,
				A95C70C9270E48169C06529D /* EventKit.framework */,
				D3AC28452287485C8745F912 /* EventKitUI.framework */,
				C26357D0332B4E078B6B2DD3 /* Foundation.framework */,
				D21EF331F5B24C11B78F5AEC /* MediaPlayer.framework */,
				D0136A99CE464B5CBFF84139 /* MessageUI.framework */,
				B2C9107B4D844E3E997872B3 /* QuartzCore.framework */,
				D1A2E66ECF32480ABA7D6F54 /* SafariServices.framework */,
				62133D96737C4FC5AD509F66 /* StoreKit.framework */,
				A41987A0A7E34A4D95D25946 /* SystemConfiguration.framework */,
				1A062E21A83244F1884F5B47 /* UIKit.framework */,
			);
			name = Frameworks;
			sourceTree = "<group>";
		};
		301BF52E109A57CC0062928A /* Products */ = {
			isa = PBXGroup;
			children = (
				301BF535109A57CC0062928A /* libCordova.a */,
			);
			name = Products;
			sourceTree = "<group>";
		};
		3047A50E1AB8057F00498E2A /* config */ = {
			isa = PBXGroup;
			children = (
				3047A50F1AB8059700498E2A /* build-debug.xcconfig */,
				3047A5101AB8059700498E2A /* build-release.xcconfig */,
				3047A5111AB8059700498E2A /* build.xcconfig */,
			);
			name = config;
			sourceTree = "<group>";
		};
		307C750510C5A3420062BCA9 /* Plugins */ = {
			isa = PBXGroup;
			children = (
				2EC6685A7D9D4AE693AAC25F /* UIImage+CropScaleOrientation.m */,
				3829979F176A4EE29BA0E2DC /* CDVCamera.m */,
				FAFA3639F6AB489AAD56DA14 /* CDVJpegHeaderWriter.m */,
				B46B0E38D8F24DD8BE29FF42 /* UIImage+CropScaleOrientation.h */,
				811C5DCA032C4CB69C8E2A5F /* CDVCamera.h */,
				80D2919E9E7C49C88DABB688 /* CDVJpegHeaderWriter.h */,
				2C73A4278F5644B39E49852D /* CDVExif.h */,
				76AADE02DB43496E93C25361 /* CDVFile.m */,
				0F19E16BB8FE45D5AED9C28F /* CDVLocalFilesystem.m */,
				F9C0A4CB56374598B81CF949 /* CDVAssetLibraryFilesystem.m */,
				F74C5C418A7544A09B94E89E /* CDVFile.h */,
				7A03519E7FFE42BEB1BECE0F /* CDVLocalFilesystem.h */,
				0EBD0A1F7D84490083231D70 /* CDVAssetLibraryFilesystem.h */,
				FFF1D4ADA5364097B342C1D0 /* CDVLocation.m */,
				A5F24B88F97F4B43976707A5 /* CDVLocation.h */,
				9B370983CF964BB29EB4F5DD /* CDVInAppBrowser.m */,
				43D511D694DC47D6A9FCDEEA /* CDVInAppBrowser.h */,
				671C761D23E443419ECE5450 /* CDVPluginExt.m */,
				F7F97EC3113D4C488AD07545 /* PluginAdapterDelegate.h */,
				D1EBDC50F2664F878C34DE67 /* CDVPluginExt.h */,
				6D22EAA7897C46F5B1E71534 /* GenericAdPlugin.h */,
				F6756E28062C43CDBA17741A /* CDVAdMobPlugin.m */,
				3EEBB2C456124441AC9FFA1C /* AdMobMediation.m */,
				D143AAF3FB494DA8A8A823D3 /* CDVAdMobPlugin.h */,
				E55C6FFFA2B941B997627A3C /* AdMobMediation.h */,
			);
			name = Plugins;
			path = FishingCatalog/Plugins;
			sourceTree = SOURCE_ROOT;
		};
		EB87FDF11871DA420020F90C /* Staging */ = {
			isa = PBXGroup;
			children = (
				F840E1F0165FE0F500CFE078 /* config.xml */,
				301BF56E109A69640062928A /* www */,
			);
			name = Staging;
			sourceTree = "<group>";
		};
/* End PBXGroup section */

/* Begin PBXNativeTarget section */
		1D6058900D05DD3D006BFB54 /* FishingCatalog */ = {
			isa = PBXNativeTarget;
			buildConfigurationList = 1D6058960D05DD3E006BFB54 /* Build configuration list for PBXNativeTarget "FishingCatalog" */;
			buildPhases = (
				304B58A110DAC018002A0835 /* Copy www directory */,
				1D60588D0D05DD3D006BFB54 /* Resources */,
				1D60588E0D05DD3D006BFB54 /* Sources */,
				1D60588F0D05DD3D006BFB54 /* Frameworks */,
			);
			buildRules = (
			);
			dependencies = (
				301BF551109A68C00062928A /* PBXTargetDependency */,
			);
			name = FishingCatalog;
			productName = FishingCatalog;
			productReference = 1D6058910D05DD3D006BFB54 /* FishingCatalog.app */;
			productType = "com.apple.product-type.application";
		};
/* End PBXNativeTarget section */

/* Begin PBXProject section */
		29B97313FDCFA39411CA2CEA /* Project object */ = {
			isa = PBXProject;
			attributes = {
				LastUpgradeCheck = 510;
			};
			buildConfigurationList = C01FCF4E08A954540054247B /* Build configuration list for PBXProject "FishingCatalog" */;
			compatibilityVersion = "Xcode 3.2";
			developmentRegion = English;
			hasScannedForEncodings = 1;
			knownRegions = (
				en,
			);
			mainGroup = 29B97314FDCFA39411CA2CEA /* CustomTemplate */;
			projectDirPath = "";
			projectReferences = (
				{
					ProductGroup = 301BF52E109A57CC0062928A /* Products */;
					ProjectRef = 301BF52D109A57CC0062928A /* CordovaLib.xcodeproj */;
				},
			);
			projectRoot = "";
			targets = (
				1D6058900D05DD3D006BFB54 /* FishingCatalog */,
			);
		};
/* End PBXProject section */

/* Begin PBXReferenceProxy section */
		301BF535109A57CC0062928A /* libCordova.a */ = {
			isa = PBXReferenceProxy;
			fileType = archive.ar;
			path = libCordova.a;
			remoteRef = 301BF534109A57CC0062928A /* PBXContainerItemProxy */;
			sourceTree = BUILT_PRODUCTS_DIR;
		};
/* End PBXReferenceProxy section */

/* Begin PBXResourcesBuildPhase section */
		1D60588D0D05DD3D006BFB54 /* Resources */ = {
			isa = PBXResourcesBuildPhase;
			buildActionMask = 2147483647;
			files = (
				302D95F214D2391D003F00A1 /* MainViewController.xib in Resources */,
				3047A5131AB8059700498E2A /* build-release.xcconfig in Resources */,
				3047A5141AB8059700498E2A /* build.xcconfig in Resources */,
				0207DA581B56EA530066E2B4 /* Images.xcassets in Resources */,
				3047A5121AB8059700498E2A /* build-debug.xcconfig in Resources */,
			);
			runOnlyForDeploymentPostprocessing = 0;
		};
/* End PBXResourcesBuildPhase section */

/* Begin PBXShellScriptBuildPhase section */
		304B58A110DAC018002A0835 /* Copy www directory */ = {
			isa = PBXShellScriptBuildPhase;
			buildActionMask = 2147483647;
			files = (
			);
			inputPaths = (
			);
			name = "Copy www directory";
			outputPaths = (
			);
			runOnlyForDeploymentPostprocessing = 0;
			shellPath = /bin/sh;
			shellScript = "NODEJS_PATH=/usr/local/bin; NVM_NODE_PATH=~/.nvm/versions/node/`nvm version 2>/dev/null`/bin; N_NODE_PATH=`find /usr/local/n/versions/node/* -maxdepth 0 -type d 2>/dev/null | tail -1`/bin; XCODE_NODE_PATH=`xcode-select --print-path`/usr/share/xcs/Node/bin; PATH=$NODEJS_PATH:$NVM_NODE_PATH:$N_NODE_PATH:$XCODE_NODE_PATH:$PATH && node cordova/lib/copy-www-build-step.js";
			showEnvVarsInLog = 0;
		};
/* End PBXShellScriptBuildPhase section */

/* Begin PBXSourcesBuildPhase section */
		1D60588E0D05DD3D006BFB54 /* Sources */ = {
			isa = PBXSourcesBuildPhase;
			buildActionMask = 2147483647;
			files = (
				1D60589B0D05DD56006BFB54 /* main.m in Sources */,
				1D3623260D0F684500981E51 /* AppDelegate.m in Sources */,
				302D95F114D2391D003F00A1 /* MainViewController.m in Sources */,
				D2332A1EB12946ABAC3D6D2F /* UIImage+CropScaleOrientation.m in Sources */,
				CE036CF46A784FEF9C1E89B4 /* CDVCamera.m in Sources */,
				4E7F4517A05C4443A84590DA /* CDVJpegHeaderWriter.m in Sources */,
				01B92CCAA8EB4A81A7D34A03 /* CDVFile.m in Sources */,
				44FBF93B532E46B4AC06AFA5 /* CDVLocalFilesystem.m in Sources */,
				982805ED54E94FF89FB89B2A /* CDVAssetLibraryFilesystem.m in Sources */,
				2D3876F9BBEC46A7AA402078 /* CDVLocation.m in Sources */,
				7ED233157DFA4A62AF4EA089 /* CDVInAppBrowser.m in Sources */,
				6A2BC7CD10A2486D8705736B /* CDVPluginExt.m in Sources */,
				91AD0C3E978A489BA17FD340 /* CDVAdMobPlugin.m in Sources */,
				221560CDED584527A952E265 /* AdMobMediation.m in Sources */,
			);
			runOnlyForDeploymentPostprocessing = 0;
		};
/* End PBXSourcesBuildPhase section */

/* Begin PBXTargetDependency section */
		301BF551109A68C00062928A /* PBXTargetDependency */ = {
			isa = PBXTargetDependency;
			name = CordovaLib;
			targetProxy = 301BF550109A68C00062928A /* PBXContainerItemProxy */;
		};
/* End PBXTargetDependency section */

/* Begin XCBuildConfiguration section */
		1D6058940D05DD3E006BFB54 /* Debug */ = {
			isa = XCBuildConfiguration;
			baseConfigurationReference = 3047A50F1AB8059700498E2A /* build-debug.xcconfig */;
			buildSettings = {
				ALWAYS_SEARCH_USER_PATHS = NO;
				ASSETCATALOG_COMPILER_APPICON_NAME = AppIcon;
				ASSETCATALOG_COMPILER_LAUNCHIMAGE_NAME = LaunchImage;
				CLANG_ENABLE_MODULES = YES;
				CLANG_ENABLE_OBJC_ARC = YES;
				COPY_PHASE_STRIP = NO;
				GCC_DYNAMIC_NO_PIC = NO;
				GCC_OPTIMIZATION_LEVEL = 0;
				GCC_PRECOMPILE_PREFIX_HEADER = YES;
				GCC_PREFIX_HEADER = "FishingCatalog/FishingCatalog-Prefix.pch";
				GCC_THUMB_SUPPORT = NO;
				GCC_VERSION = "";
				INFOPLIST_FILE = "FishingCatalog/FishingCatalog-Info.plist";
				LD_RUNPATH_SEARCH_PATHS = "@executable_path/Frameworks";
				PRODUCT_NAME = FishingCatalog;
				PROVISIONING_PROFILE = "e2989cfa-82cf-4a9e-afb6-af2a05246cb9";
				LIBRARY_SEARCH_PATHS = (
					"$(inherited)",
					"\"$(SRCROOT)/FishingCatalog/Plugins/cordova-plugin-extension\"",
				);
				FRAMEWORK_SEARCH_PATHS = (
					"$(inherited)",
					"\"FishingCatalog\Plugins\cordova-plugin-admobpro\"",
					"\"FishingCatalog\Plugins\cordova-plugin-admobpro\"",
				);
			};
			name = Debug;
		};
		1D6058950D05DD3E006BFB54 /* Release */ = {
			isa = XCBuildConfiguration;
			baseConfigurationReference = 3047A5101AB8059700498E2A /* build-release.xcconfig */;
			buildSettings = {
				ALWAYS_SEARCH_USER_PATHS = NO;
				ASSETCATALOG_COMPILER_APPICON_NAME = AppIcon;
				ASSETCATALOG_COMPILER_LAUNCHIMAGE_NAME = LaunchImage;
				CLANG_ENABLE_MODULES = YES;
				CLANG_ENABLE_OBJC_ARC = YES;
				COPY_PHASE_STRIP = YES;
				GCC_PRECOMPILE_PREFIX_HEADER = YES;
				GCC_PREFIX_HEADER = "FishingCatalog/FishingCatalog-Prefix.pch";
				GCC_THUMB_SUPPORT = NO;
				GCC_VERSION = "";
				INFOPLIST_FILE = "FishingCatalog/FishingCatalog-Info.plist";
				PRODUCT_NAME = FishingCatalog;
				PROVISIONING_PROFILE = "e2989cfa-82cf-4a9e-afb6-af2a05246cb9";
				LIBRARY_SEARCH_PATHS = (
					"$(inherited)",
					"\"$(SRCROOT)/FishingCatalog/Plugins/cordova-plugin-extension\"",
				);
				FRAMEWORK_SEARCH_PATHS = (
					"$(inherited)",
					"\"FishingCatalog\Plugins\cordova-plugin-admobpro\"",
					"\"FishingCatalog\Plugins\cordova-plugin-admobpro\"",
				);
			};
			name = Release;
		};
		C01FCF4F08A954540054247B /* Debug */ = {
			isa = XCBuildConfiguration;
			baseConfigurationReference = 3047A5111AB8059700498E2A /* build.xcconfig */;
			buildSettings = {
				CLANG_ENABLE_MODULES = YES;
				CLANG_ENABLE_OBJC_ARC = YES;
				CLANG_WARN_BOOL_CONVERSION = YES;
				CLANG_WARN_CONSTANT_CONVERSION = YES;
				CLANG_WARN_EMPTY_BODY = YES;
				CLANG_WARN_ENUM_CONVERSION = YES;
				CLANG_WARN_INT_CONVERSION = YES;
				CLANG_WARN__DUPLICATE_METHOD_MATCH = YES;
				GCC_C_LANGUAGE_STANDARD = c99;
				GCC_THUMB_SUPPORT = NO;
				GCC_VERSION = "";
				GCC_WARN_ABOUT_RETURN_TYPE = YES;
				GCC_WARN_UNDECLARED_SELECTOR = YES;
				GCC_WARN_UNINITIALIZED_AUTOS = YES;
				GCC_WARN_UNUSED_FUNCTION = YES;
				GCC_WARN_UNUSED_VARIABLE = YES;
				ONLY_ACTIVE_ARCH = YES;
				PRODUCT_NAME = FishingCatalog;
				SDKROOT = iphoneos;
				SKIP_INSTALL = NO;
				LIBRARY_SEARCH_PATHS = (
					"$(inherited)",
					"\"$(SRCROOT)/FishingCatalog/Plugins/cordova-plugin-extension\"",
				);
				FRAMEWORK_SEARCH_PATHS = (
					"$(inherited)",
					"\"FishingCatalog\Plugins\cordova-plugin-admobpro\"",
					"\"FishingCatalog\Plugins\cordova-plugin-admobpro\"",
				);
			};
			name = Debug;
		};
		C01FCF5008A954540054247B /* Release */ = {
			isa = XCBuildConfiguration;
			baseConfigurationReference = 3047A5111AB8059700498E2A /* build.xcconfig */;
			buildSettings = {
				CLANG_ENABLE_MODULES = YES;
				CLANG_ENABLE_OBJC_ARC = YES;
				CLANG_WARN_BOOL_CONVERSION = YES;
				CLANG_WARN_CONSTANT_CONVERSION = YES;
				CLANG_WARN_EMPTY_BODY = YES;
				CLANG_WARN_ENUM_CONVERSION = YES;
				CLANG_WARN_INT_CONVERSION = YES;
				CLANG_WARN__DUPLICATE_METHOD_MATCH = YES;
				GCC_C_LANGUAGE_STANDARD = c99;
				GCC_THUMB_SUPPORT = NO;
				GCC_VERSION = "";
				GCC_WARN_ABOUT_RETURN_TYPE = YES;
				GCC_WARN_UNDECLARED_SELECTOR = YES;
				GCC_WARN_UNINITIALIZED_AUTOS = YES;
				GCC_WARN_UNUSED_FUNCTION = YES;
				GCC_WARN_UNUSED_VARIABLE = YES;
				PRODUCT_NAME = FishingCatalog;
				SDKROOT = iphoneos;
				SKIP_INSTALL = NO;
				LIBRARY_SEARCH_PATHS = (
					"$(inherited)",
					"\"$(SRCROOT)/FishingCatalog/Plugins/cordova-plugin-extension\"",
				);
				FRAMEWORK_SEARCH_PATHS = (
					"$(inherited)",
					"\"FishingCatalog\Plugins\cordova-plugin-admobpro\"",
					"\"FishingCatalog\Plugins\cordova-plugin-admobpro\"",
				);
			};
			name = Release;
		};
/* End XCBuildConfiguration section */

/* Begin XCConfigurationList section */
		1D6058960D05DD3E006BFB54 /* Build configuration list for PBXNativeTarget "FishingCatalog" */ = {
			isa = XCConfigurationList;
			buildConfigurations = (
				1D6058940D05DD3E006BFB54 /* Debug */,
				1D6058950D05DD3E006BFB54 /* Release */,
			);
			defaultConfigurationIsVisible = 0;
			defaultConfigurationName = Release;
		};
		C01FCF4E08A954540054247B /* Build configuration list for PBXProject "FishingCatalog" */ = {
			isa = XCConfigurationList;
			buildConfigurations = (
				C01FCF4F08A954540054247B /* Debug */,
				C01FCF5008A954540054247B /* Release */,
			);
			defaultConfigurationIsVisible = 0;
			defaultConfigurationName = Release;
		};
/* End XCConfigurationList section */
	};
	rootObject = 29B97313FDCFA39411CA2CEA /* Project object */;
}
